
Microsoft Visual Studio Solution File, Format Version 12.00
# Visual Studio Version 17
VisualStudioVersion = 17.0.31919.166
MinimumVisualStudioVersion = 10.0.40219.1
Project("{FAE04EC0-301F-11D3-BF4B-00C04F79EFBC}") = "StudentAssign", "StudentAssign.csproj", "{FA620F42-6476-480A-9466-2B76FB321F12}"
EndProject
Global
	GlobalSection(SolutionConfigurationPlatforms) = preSolution
		Debug|Any CPU = Debug|Any CPU
		Release|Any CPU = Release|Any CPU
	EndGlobalSection
	GlobalSection(ProjectConfigurationPlatforms) = postSolution
		{FA620F42-6476-480A-9466-2B76FB321F12}.Debug|Any CPU.ActiveCfg = Debug|Any CPU
		{FA620F42-6476-480A-9466-2B76FB321F12}.Debug|Any CPU.Build.0 = Debug|Any CPU
		{FA620F42-6476-480A-9466-2B76FB321F12}.Release|Any CPU.ActiveCfg = Release|Any CPU
		{FA620F42-6476-480A-9466-2B76FB321F12}.Release|Any CPU.Build.0 = Release|Any CPU
	EndGlobalSection
	GlobalSection(SolutionProperties) = preSolution
		HideSolutionNode = FALSE
	EndGlobalSection
	GlobalSection(ExtensibilityGlobals) = postSolution
		SolutionGuid = {2EEB3C60-03B8-44F2-B913-3BFD397CF734}
	EndGlobalSection
EndGlobal
